
Microsoft Visual Studio Solution File, Format Version 12.00
# Visual Studio 15
VisualStudioVersion = 15.0.28010.2026
MinimumVisualStudioVersion = 10.0.40219.1
Project("{9A19103F-16F7-4668-BE54-9A1E7A4F7556}") = "TaskManager.MVC.Web", "TaskManager.MVC.Web\TaskManager.MVC.Web.csproj", "{73938F7E-2226-4A46-B6C6-097B8DFFD413}"
EndProject
Global
	GlobalSection(SolutionConfigurationPlatforms) = preSolution
		Debug|Any CPU = Debug|Any CPU
		Release|Any CPU = Release|Any CPU
	EndGlobalSection
	GlobalSection(ProjectConfigurationPlatforms) = postSolution
		{73938F7E-2226-4A46-B6C6-097B8DFFD413}.Debug|Any CPU.ActiveCfg = Debug|Any CPU
		{73938F7E-2226-4A46-B6C6-097B8DFFD413}.Debug|Any CPU.Build.0 = Debug|Any CPU
		{73938F7E-2226-4A46-B6C6-097B8DFFD413}.Release|Any CPU.ActiveCfg = Release|Any CPU
		{73938F7E-2226-4A46-B6C6-097B8DFFD413}.Release|Any CPU.Build.0 = Release|Any CPU
	EndGlobalSection
	GlobalSection(SolutionProperties) = preSolution
		HideSolutionNode = FALSE
	EndGlobalSection
	GlobalSection(ExtensibilityGlobals) = postSolution
		SolutionGuid = {DBBB0320-1785-4815-96A3-92596416DEFA}
	EndGlobalSection
EndGlobal
